
Microsoft Visual Studio Solution File, Format Version 12.00
# Visual Studio Version 16
VisualStudioVersion = 16.0.29409.12
MinimumVisualStudioVersion = 10.0.40219.1
Project("{FAE04EC0-301F-11D3-BF4B-00C04F79EFBC}") = "EmulateStackByQueue", "EmulateStackByQueue\EmulateStackByQueue.csproj", "{06D6AF36-5B43-474A-88B0-918001285A47}"
EndProject
Global
	GlobalSection(SolutionConfigurationPlatforms) = preSolution
		Debug|Any CPU = Debug|Any CPU
		Release|Any CPU = Release|Any CPU
	EndGlobalSection
	GlobalSection(ProjectConfigurationPlatforms) = postSolution
		{06D6AF36-5B43-474A-88B0-918001285A47}.Debug|Any CPU.ActiveCfg = Debug|Any CPU
		{06D6AF36-5B43-474A-88B0-918001285A47}.Debug|Any CPU.Build.0 = Debug|Any CPU
		{06D6AF36-5B43-474A-88B0-918001285A47}.Release|Any CPU.ActiveCfg = Release|Any CPU
		{06D6AF36-5B43-474A-88B0-918001285A47}.Release|Any CPU.Build.0 = Release|Any CPU
	EndGlobalSection
	GlobalSection(SolutionProperties) = preSolution
		HideSolutionNode = FALSE
	EndGlobalSection
	GlobalSection(ExtensibilityGlobals) = postSolution
		SolutionGuid = {FE5A46E0-47D4-4922-A221-BF28ED5AA2DE}
	EndGlobalSection
EndGlobal
